
Microsoft Visual Studio Solution File, Format Version 12.00
# Visual Studio 15
VisualStudioVersion = 15.0.26730.10
MinimumVisualStudioVersion = 10.0.40219.1

Project("{6EC3EE1D-3C4E-46DD-8F32-0CC8E7565705}") = "DrunknDial", "DrunknDial\DrunknDial.fsproj", "{8DA69046-5626-460C-88AE-6630A9914E43}"
EndProject

Project("{F2A71F9B-5D33-465A-A702-920D77279786}") = "DrunknDial.Android", "DrunknDial.Android\DrunknDial.Android.fsproj", "{F20B3F0F-183E-491C-B8C8-9EA73016E8FC}"
EndProject


Project("{F2A71F9B-5D33-465A-A702-920D77279786}") = "DrunknDial.iOS", "DrunknDial.iOS\DrunknDial.iOS.fsproj", "{E5357C51-9C8A-4BE0-B9FB-234ED38397B2}"
EndProject




Global
	GlobalSection(SolutionConfigurationPlatforms) = preSolution
		Ad-Hoc|Any CPU = Ad-Hoc|Any CPU
		Ad-Hoc|ARM = Ad-Hoc|ARM
		Ad-Hoc|iPhone = Ad-Hoc|iPhone
		Ad-Hoc|iPhoneSimulator = Ad-Hoc|iPhoneSimulator
		Ad-Hoc|x64 = Ad-Hoc|x64
		Ad-Hoc|x86 = Ad-Hoc|x86
		AppStore|Any CPU = AppStore|Any CPU
		AppStore|ARM = AppStore|ARM
		AppStore|iPhone = AppStore|iPhone
		AppStore|iPhoneSimulator = AppStore|iPhoneSimulator
		AppStore|x64 = AppStore|x64
		AppStore|x86 = AppStore|x86
		Debug|Any CPU = Debug|Any CPU
		Debug|ARM = Debug|ARM
		Debug|iPhone = Debug|iPhone
		Debug|iPhoneSimulator = Debug|iPhoneSimulator
		Debug|x64 = Debug|x64
		Debug|x86 = Debug|x86
		Release|Any CPU = Release|Any CPU
		Release|ARM = Release|ARM
		Release|iPhone = Release|iPhone
		Release|iPhoneSimulator = Release|iPhoneSimulator
		Release|x64 = Release|x64
		Release|x86 = Release|x86
	EndGlobalSection
	GlobalSection(ProjectConfigurationPlatforms) = postSolution
		{8DA69046-5626-460C-88AE-6630A9914E43}.Ad-Hoc|Any CPU.ActiveCfg = Debug|Any CPU
		{8DA69046-5626-460C-88AE-6630A9914E43}.Ad-Hoc|Any CPU.Build.0 = Debug|Any CPU
		{8DA69046-5626-460C-88AE-6630A9914E43}.Ad-Hoc|ARM.ActiveCfg = Debug|Any CPU
		{8DA69046-5626-460C-88AE-6630A9914E43}.Ad-Hoc|ARM.Build.0 = Debug|Any CPU
		{8DA69046-5626-460C-88AE-6630A9914E43}.Ad-Hoc|iPhone.ActiveCfg = Debug|Any CPU
		{8DA69046-5626-460C-88AE-6630A9914E43}.Ad-Hoc|iPhone.Build.0 = Debug|Any CPU
		{8DA69046-5626-460C-88AE-6630A9914E43}.Ad-Hoc|iPhoneSimulator.ActiveCfg = Debug|Any CPU
		{8DA69046-5626-460C-88AE-6630A9914E43}.Ad-Hoc|iPhoneSimulator.Build.0 = Debug|Any CPU
		{8DA69046-5626-460C-88AE-6630A9914E43}.Ad-Hoc|x64.ActiveCfg = Debug|Any CPU
		{8DA69046-5626-460C-88AE-6630A9914E43}.Ad-Hoc|x64.Build.0 = Debug|Any CPU
		{8DA69046-5626-460C-88AE-6630A9914E43}.Ad-Hoc|x86.ActiveCfg = Debug|Any CPU
		{8DA69046-5626-460C-88AE-6630A9914E43}.Ad-Hoc|x86.Build.0 = Debug|Any CPU
		{8DA69046-5626-460C-88AE-6630A9914E43}.AppStore|Any CPU.ActiveCfg = Debug|Any CPU
		{8DA69046-5626-460C-88AE-6630A9914E43}.AppStore|Any CPU.Build.0 = Debug|Any CPU
		{8DA69046-5626-460C-88AE-6630A9914E43}.AppStore|ARM.ActiveCfg = Debug|Any CPU
		{8DA69046-5626-460C-88AE-6630A9914E43}.AppStore|ARM.Build.0 = Debug|Any CPU
		{8DA69046-5626-460C-88AE-6630A9914E43}.AppStore|iPhone.ActiveCfg = Debug|Any CPU
		{8DA69046-5626-460C-88AE-6630A9914E43}.AppStore|iPhone.Build.0 = Debug|Any CPU
		{8DA69046-5626-460C-88AE-6630A9914E43}.AppStore|iPhoneSimulator.ActiveCfg = Debug|Any CPU
		{8DA69046-5626-460C-88AE-6630A9914E43}.AppStore|iPhoneSimulator.Build.0 = Debug|Any CPU
		{8DA69046-5626-460C-88AE-6630A9914E43}.AppStore|x64.ActiveCfg = Debug|Any CPU
		{8DA69046-5626-460C-88AE-6630A9914E43}.AppStore|x64.Build.0 = Debug|Any CPU
		{8DA69046-5626-460C-88AE-6630A9914E43}.AppStore|x86.ActiveCfg = Debug|Any CPU
		{8DA69046-5626-460C-88AE-6630A9914E43}.AppStore|x86.Build.0 = Debug|Any CPU
		{8DA69046-5626-460C-88AE-6630A9914E43}.Debug|Any CPU.ActiveCfg = Debug|Any CPU
		{8DA69046-5626-460C-88AE-6630A9914E43}.Debug|Any CPU.Build.0 = Debug|Any CPU
		{8DA69046-5626-460C-88AE-6630A9914E43}.Debug|ARM.ActiveCfg = Debug|Any CPU
		{8DA69046-5626-460C-88AE-6630A9914E43}.Debug|ARM.Build.0 = Debug|Any CPU
		{8DA69046-5626-460C-88AE-6630A9914E43}.Debug|iPhone.ActiveCfg = Debug|Any CPU
		{8DA69046-5626-460C-88AE-6630A9914E43}.Debug|iPhone.Build.0 = Debug|Any CPU
		{8DA69046-5626-460C-88AE-6630A9914E43}.Debug|iPhoneSimulator.ActiveCfg = Debug|Any CPU
		{8DA69046-5626-460C-88AE-6630A9914E43}.Debug|iPhoneSimulator.Build.0 = Debug|Any CPU
		{8DA69046-5626-460C-88AE-6630A9914E43}.Debug|x64.ActiveCfg = Debug|Any CPU
		{8DA69046-5626-460C-88AE-6630A9914E43}.Debug|x64.Build.0 = Debug|Any CPU
		{8DA69046-5626-460C-88AE-6630A9914E43}.Debug|x86.ActiveCfg = Debug|Any CPU
		{8DA69046-5626-460C-88AE-6630A9914E43}.Debug|x86.Build.0 = Debug|Any CPU
		{8DA69046-5626-460C-88AE-6630A9914E43}.Release|Any CPU.ActiveCfg = Release|Any CPU
		{8DA69046-5626-460C-88AE-6630A9914E43}.Release|Any CPU.Build.0 = Release|Any CPU
		{8DA69046-5626-460C-88AE-6630A9914E43}.Release|ARM.ActiveCfg = Release|Any CPU
		{8DA69046-5626-460C-88AE-6630A9914E43}.Release|ARM.Build.0 = Release|Any CPU
		{8DA69046-5626-460C-88AE-6630A9914E43}.Release|iPhone.ActiveCfg = Release|Any CPU
		{8DA69046-5626-460C-88AE-6630A9914E43}.Release|iPhone.Build.0 = Release|Any CPU
		{8DA69046-5626-460C-88AE-6630A9914E43}.Release|iPhoneSimulator.ActiveCfg = Release|Any CPU
		{8DA69046-5626-460C-88AE-6630A9914E43}.Release|iPhoneSimulator.Build.0 = Release|Any CPU
		{8DA69046-5626-460C-88AE-6630A9914E43}.Release|x64.ActiveCfg = Release|Any CPU
		{8DA69046-5626-460C-88AE-6630A9914E43}.Release|x64.Build.0 = Release|Any CPU
		{8DA69046-5626-460C-88AE-6630A9914E43}.Release|x86.ActiveCfg = Release|Any CPU
		{8DA69046-5626-460C-88AE-6630A9914E43}.Release|x86.Build.0 = Release|Any CPU
		{E5357C51-9C8A-4BE0-B9FB-234ED38397B2}.Ad-Hoc|Any CPU.ActiveCfg = Ad-Hoc|iPhone
		{E5357C51-9C8A-4BE0-B9FB-234ED38397B2}.Ad-Hoc|ARM.ActiveCfg = Ad-Hoc|iPhone
		{E5357C51-9C8A-4BE0-B9FB-234ED38397B2}.Ad-Hoc|iPhone.ActiveCfg = Ad-Hoc|iPhone
		{E5357C51-9C8A-4BE0-B9FB-234ED38397B2}.Ad-Hoc|iPhone.Build.0 = Ad-Hoc|iPhone
		{E5357C51-9C8A-4BE0-B9FB-234ED38397B2}.Ad-Hoc|iPhoneSimulator.ActiveCfg = Ad-Hoc|iPhoneSimulator
		{E5357C51-9C8A-4BE0-B9FB-234ED38397B2}.Ad-Hoc|iPhoneSimulator.Build.0 = Ad-Hoc|iPhoneSimulator
		{E5357C51-9C8A-4BE0-B9FB-234ED38397B2}.Ad-Hoc|x64.ActiveCfg = Ad-Hoc|iPhone
		{E5357C51-9C8A-4BE0-B9FB-234ED38397B2}.Ad-Hoc|x86.ActiveCfg = Ad-Hoc|iPhone
		{E5357C51-9C8A-4BE0-B9FB-234ED38397B2}.AppStore|Any CPU.ActiveCfg = AppStore|iPhone
		{E5357C51-9C8A-4BE0-B9FB-234ED38397B2}.AppStore|ARM.ActiveCfg = AppStore|iPhone
		{E5357C51-9C8A-4BE0-B9FB-234ED38397B2}.AppStore|iPhone.ActiveCfg = AppStore|iPhone
		{E5357C51-9C8A-4BE0-B9FB-234ED38397B2}.AppStore|iPhone.Build.0 = AppStore|iPhone
		{E5357C51-9C8A-4BE0-B9FB-234ED38397B2}.AppStore|iPhoneSimulator.ActiveCfg = AppStore|iPhoneSimulator
		{E5357C51-9C8A-4BE0-B9FB-234ED38397B2}.AppStore|iPhoneSimulator.Build.0 = AppStore|iPhoneSimulator
		{E5357C51-9C8A-4BE0-B9FB-234ED38397B2}.AppStore|x64.ActiveCfg = AppStore|iPhone
		{E5357C51-9C8A-4BE0-B9FB-234ED38397B2}.AppStore|x86.ActiveCfg = AppStore|iPhone
		{E5357C51-9C8A-4BE0-B9FB-234ED38397B2}.Debug|Any CPU.ActiveCfg = Debug|iPhone
		{E5357C51-9C8A-4BE0-B9FB-234ED38397B2}.Debug|ARM.ActiveCfg = Debug|iPhone
		{E5357C51-9C8A-4BE0-B9FB-234ED38397B2}.Debug|iPhone.ActiveCfg = Debug|iPhone
		{E5357C51-9C8A-4BE0-B9FB-234ED38397B2}.Debug|iPhone.Build.0 = Debug|iPhone
		{E5357C51-9C8A-4BE0-B9FB-234ED38397B2}.Debug|iPhoneSimulator.ActiveCfg = Debug|iPhoneSimulator
		{E5357C51-9C8A-4BE0-B9FB-234ED38397B2}.Debug|iPhoneSimulator.Build.0 = Debug|iPhoneSimulator
		{E5357C51-9C8A-4BE0-B9FB-234ED38397B2}.Debug|x64.ActiveCfg = Debug|iPhone
		{E5357C51-9C8A-4BE0-B9FB-234ED38397B2}.Debug|x86.ActiveCfg = Debug|iPhone
		{E5357C51-9C8A-4BE0-B9FB-234ED38397B2}.Release|Any CPU.ActiveCfg = Release|iPhone
		{E5357C51-9C8A-4BE0-B9FB-234ED38397B2}.Release|ARM.ActiveCfg = Release|iPhone
		{E5357C51-9C8A-4BE0-B9FB-234ED38397B2}.Release|iPhone.ActiveCfg = Release|iPhone
		{E5357C51-9C8A-4BE0-B9FB-234ED38397B2}.Release|iPhone.Build.0 = Release|iPhone
		{E5357C51-9C8A-4BE0-B9FB-234ED38397B2}.Release|iPhoneSimulator.ActiveCfg = Release|iPhoneSimulator
		{E5357C51-9C8A-4BE0-B9FB-234ED38397B2}.Release|iPhoneSimulator.Build.0 = Release|iPhoneSimulator
		{E5357C51-9C8A-4BE0-B9FB-234ED38397B2}.Release|x64.ActiveCfg = Release|iPhone
		{E5357C51-9C8A-4BE0-B9FB-234ED38397B2}.Release|x86.ActiveCfg = Release|iPhone
		{BC9530FD-22FC-4871-9769-D52D18A64A16}.Ad-Hoc|Any CPU.ActiveCfg = Release|x86
		{BC9530FD-22FC-4871-9769-D52D18A64A16}.Ad-Hoc|Any CPU.Build.0 = Release|x86
		{BC9530FD-22FC-4871-9769-D52D18A64A16}.Ad-Hoc|Any CPU.Deploy.0 = Release|x86
		{BC9530FD-22FC-4871-9769-D52D18A64A16}.Ad-Hoc|ARM.ActiveCfg = Release|ARM
		{BC9530FD-22FC-4871-9769-D52D18A64A16}.Ad-Hoc|ARM.Build.0 = Release|ARM
		{BC9530FD-22FC-4871-9769-D52D18A64A16}.Ad-Hoc|ARM.Deploy.0 = Release|ARM
		{BC9530FD-22FC-4871-9769-D52D18A64A16}.Ad-Hoc|iPhone.ActiveCfg = Release|x86
		{BC9530FD-22FC-4871-9769-D52D18A64A16}.Ad-Hoc|iPhone.Build.0 = Release|x86
		{BC9530FD-22FC-4871-9769-D52D18A64A16}.Ad-Hoc|iPhone.Deploy.0 = Release|x86
		{BC9530FD-22FC-4871-9769-D52D18A64A16}.Ad-Hoc|iPhoneSimulator.ActiveCfg = Release|x86
		{BC9530FD-22FC-4871-9769-D52D18A64A16}.Ad-Hoc|iPhoneSimulator.Build.0 = Release|x86
		{BC9530FD-22FC-4871-9769-D52D18A64A16}.Ad-Hoc|iPhoneSimulator.Deploy.0 = Release|x86
		{BC9530FD-22FC-4871-9769-D52D18A64A16}.Ad-Hoc|x64.ActiveCfg = Release|x64
		{BC9530FD-22FC-4871-9769-D52D18A64A16}.Ad-Hoc|x64.Build.0 = Release|x64
		{BC9530FD-22FC-4871-9769-D52D18A64A16}.Ad-Hoc|x64.Deploy.0 = Release|x64
		{BC9530FD-22FC-4871-9769-D52D18A64A16}.Ad-Hoc|x86.ActiveCfg = Release|x86
		{BC9530FD-22FC-4871-9769-D52D18A64A16}.Ad-Hoc|x86.Build.0 = Release|x86
		{BC9530FD-22FC-4871-9769-D52D18A64A16}.Ad-Hoc|x86.Deploy.0 = Release|x86
		{BC9530FD-22FC-4871-9769-D52D18A64A16}.AppStore|Any CPU.ActiveCfg = Release|x86
		{BC9530FD-22FC-4871-9769-D52D18A64A16}.AppStore|Any CPU.Build.0 = Release|x86
		{BC9530FD-22FC-4871-9769-D52D18A64A16}.AppStore|Any CPU.Deploy.0 = Release|x86
		{BC9530FD-22FC-4871-9769-D52D18A64A16}.AppStore|ARM.ActiveCfg = Release|ARM
		{BC9530FD-22FC-4871-9769-D52D18A64A16}.AppStore|ARM.Build.0 = Release|ARM
		{BC9530FD-22FC-4871-9769-D52D18A64A16}.AppStore|ARM.Deploy.0 = Release|ARM
		{BC9530FD-22FC-4871-9769-D52D18A64A16}.AppStore|iPhone.ActiveCfg = Release|x86
		{BC9530FD-22FC-4871-9769-D52D18A64A16}.AppStore|iPhone.Build.0 = Release|x86
		{BC9530FD-22FC-4871-9769-D52D18A64A16}.AppStore|iPhone.Deploy.0 = Release|x86
		{BC9530FD-22FC-4871-9769-D52D18A64A16}.AppStore|iPhoneSimulator.ActiveCfg = Release|x86
		{BC9530FD-22FC-4871-9769-D52D18A64A16}.AppStore|iPhoneSimulator.Build.0 = Release|x86
		{BC9530FD-22FC-4871-9769-D52D18A64A16}.AppStore|iPhoneSimulator.Deploy.0 = Release|x86
		{BC9530FD-22FC-4871-9769-D52D18A64A16}.AppStore|x64.ActiveCfg = Release|x64
		{BC9530FD-22FC-4871-9769-D52D18A64A16}.AppStore|x64.Build.0 = Release|x64
		{BC9530FD-22FC-4871-9769-D52D18A64A16}.AppStore|x64.Deploy.0 = Release|x64
		{BC9530FD-22FC-4871-9769-D52D18A64A16}.AppStore|x86.ActiveCfg = Release|x86
		{BC9530FD-22FC-4871-9769-D52D18A64A16}.AppStore|x86.Build.0 = Release|x86
		{BC9530FD-22FC-4871-9769-D52D18A64A16}.AppStore|x86.Deploy.0 = Release|x86
		{BC9530FD-22FC-4871-9769-D52D18A64A16}.Debug|Any CPU.ActiveCfg = Debug|x86
		{BC9530FD-22FC-4871-9769-D52D18A64A16}.Debug|ARM.ActiveCfg = Debug|ARM
		{BC9530FD-22FC-4871-9769-D52D18A64A16}.Debug|ARM.Build.0 = Debug|ARM
		{BC9530FD-22FC-4871-9769-D52D18A64A16}.Debug|ARM.Deploy.0 = Debug|ARM
		{BC9530FD-22FC-4871-9769-D52D18A64A16}.Debug|iPhone.ActiveCfg = Debug|x86
		{BC9530FD-22FC-4871-9769-D52D18A64A16}.Debug|iPhoneSimulator.ActiveCfg = Debug|x86
		{BC9530FD-22FC-4871-9769-D52D18A64A16}.Debug|x64.ActiveCfg = Debug|x64
		{BC9530FD-22FC-4871-9769-D52D18A64A16}.Debug|x64.Build.0 = Debug|x64
		{BC9530FD-22FC-4871-9769-D52D18A64A16}.Debug|x64.Deploy.0 = Debug|x64
		{BC9530FD-22FC-4871-9769-D52D18A64A16}.Debug|x86.ActiveCfg = Debug|x86
		{BC9530FD-22FC-4871-9769-D52D18A64A16}.Debug|x86.Build.0 = Debug|x86
		{BC9530FD-22FC-4871-9769-D52D18A64A16}.Debug|x86.Deploy.0 = Debug|x86
		{BC9530FD-22FC-4871-9769-D52D18A64A16}.Release|Any CPU.ActiveCfg = Release|x86
		{BC9530FD-22FC-4871-9769-D52D18A64A16}.Release|ARM.ActiveCfg = Release|ARM
		{BC9530FD-22FC-4871-9769-D52D18A64A16}.Release|ARM.Build.0 = Release|ARM
		{BC9530FD-22FC-4871-9769-D52D18A64A16}.Release|ARM.Deploy.0 = Release|ARM
		{BC9530FD-22FC-4871-9769-D52D18A64A16}.Release|iPhone.ActiveCfg = Release|x86
		{BC9530FD-22FC-4871-9769-D52D18A64A16}.Release|iPhoneSimulator.ActiveCfg = Release|x86
		{BC9530FD-22FC-4871-9769-D52D18A64A16}.Release|x64.ActiveCfg = Release|x64
		{BC9530FD-22FC-4871-9769-D52D18A64A16}.Release|x64.Build.0 = Release|x64
		{BC9530FD-22FC-4871-9769-D52D18A64A16}.Release|x64.Deploy.0 = Release|x64
		{BC9530FD-22FC-4871-9769-D52D18A64A16}.Release|x86.ActiveCfg = Release|x86
		{BC9530FD-22FC-4871-9769-D52D18A64A16}.Release|x86.Build.0 = Release|x86
		{BC9530FD-22FC-4871-9769-D52D18A64A16}.Release|x86.Deploy.0 = Release|x86
		{2AA99BD9-1824-4250-AD49-B88AB12F9B18}.Ad-Hoc|Any CPU.ActiveCfg = Release|Any CPU
		{2AA99BD9-1824-4250-AD49-B88AB12F9B18}.Ad-Hoc|Any CPU.Build.0 = Release|Any CPU
		{2AA99BD9-1824-4250-AD49-B88AB12F9B18}.Ad-Hoc|ARM.ActiveCfg = Release|Any CPU
		{2AA99BD9-1824-4250-AD49-B88AB12F9B18}.Ad-Hoc|ARM.Build.0 = Release|Any CPU
		{2AA99BD9-1824-4250-AD49-B88AB12F9B18}.Ad-Hoc|iPhone.ActiveCfg = Release|Any CPU
		{2AA99BD9-1824-4250-AD49-B88AB12F9B18}.Ad-Hoc|iPhone.Build.0 = Release|Any CPU
		{2AA99BD9-1824-4250-AD49-B88AB12F9B18}.Ad-Hoc|iPhoneSimulator.ActiveCfg = Release|Any CPU
		{2AA99BD9-1824-4250-AD49-B88AB12F9B18}.Ad-Hoc|iPhoneSimulator.Build.0 = Release|Any CPU
		{2AA99BD9-1824-4250-AD49-B88AB12F9B18}.Ad-Hoc|x64.ActiveCfg = Release|Any CPU
		{2AA99BD9-1824-4250-AD49-B88AB12F9B18}.Ad-Hoc|x64.Build.0 = Release|Any CPU
		{2AA99BD9-1824-4250-AD49-B88AB12F9B18}.Ad-Hoc|x86.ActiveCfg = Release|Any CPU
		{2AA99BD9-1824-4250-AD49-B88AB12F9B18}.Ad-Hoc|x86.Build.0 = Release|Any CPU
		{2AA99BD9-1824-4250-AD49-B88AB12F9B18}.AppStore|Any CPU.ActiveCfg = Release|Any CPU
		{2AA99BD9-1824-4250-AD49-B88AB12F9B18}.AppStore|Any CPU.Build.0 = Release|Any CPU
		{2AA99BD9-1824-4250-AD49-B88AB12F9B18}.AppStore|ARM.ActiveCfg = Release|Any CPU
		{2AA99BD9-1824-4250-AD49-B88AB12F9B18}.AppStore|ARM.Build.0 = Release|Any CPU
		{2AA99BD9-1824-4250-AD49-B88AB12F9B18}.AppStore|iPhone.ActiveCfg = Release|Any CPU
		{2AA99BD9-1824-4250-AD49-B88AB12F9B18}.AppStore|iPhone.Build.0 = Release|Any CPU
		{2AA99BD9-1824-4250-AD49-B88AB12F9B18}.AppStore|iPhoneSimulator.ActiveCfg = Release|Any CPU
		{2AA99BD9-1824-4250-AD49-B88AB12F9B18}.AppStore|iPhoneSimulator.Build.0 = Release|Any CPU
		{2AA99BD9-1824-4250-AD49-B88AB12F9B18}.AppStore|x64.ActiveCfg = Release|Any CPU
		{2AA99BD9-1824-4250-AD49-B88AB12F9B18}.AppStore|x64.Build.0 = Release|Any CPU
		{2AA99BD9-1824-4250-AD49-B88AB12F9B18}.AppStore|x86.ActiveCfg = Release|Any CPU
		{2AA99BD9-1824-4250-AD49-B88AB12F9B18}.AppStore|x86.Build.0 = Release|Any CPU
		{2AA99BD9-1824-4250-AD49-B88AB12F9B18}.Debug|Any CPU.ActiveCfg = Debug|Any CPU
		{2AA99BD9-1824-4250-AD49-B88AB12F9B18}.Debug|Any CPU.Build.0 = Debug|Any CPU
		{2AA99BD9-1824-4250-AD49-B88AB12F9B18}.Debug|ARM.ActiveCfg = Debug|Any CPU
		{2AA99BD9-1824-4250-AD49-B88AB12F9B18}.Debug|ARM.Build.0 = Debug|Any CPU
		{2AA99BD9-1824-4250-AD49-B88AB12F9B18}.Debug|iPhone.ActiveCfg = Debug|Any CPU
		{2AA99BD9-1824-4250-AD49-B88AB12F9B18}.Debug|iPhone.Build.0 = Debug|Any CPU
		{2AA99BD9-1824-4250-AD49-B88AB12F9B18}.Debug|iPhoneSimulator.ActiveCfg = Debug|Any CPU
		{2AA99BD9-1824-4250-AD49-B88AB12F9B18}.Debug|iPhoneSimulator.Build.0 = Debug|Any CPU
		{2AA99BD9-1824-4250-AD49-B88AB12F9B18}.Debug|x64.ActiveCfg = Debug|Any CPU
		{2AA99BD9-1824-4250-AD49-B88AB12F9B18}.Debug|x64.Build.0 = Debug|Any CPU
		{2AA99BD9-1824-4250-AD49-B88AB12F9B18}.Debug|x86.ActiveCfg = Debug|Any CPU
		{2AA99BD9-1824-4250-AD49-B88AB12F9B18}.Debug|x86.Build.0 = Debug|Any CPU
		{2AA99BD9-1824-4250-AD49-B88AB12F9B18}.Release|Any CPU.ActiveCfg = Release|Any CPU
		{2AA99BD9-1824-4250-AD49-B88AB12F9B18}.Release|Any CPU.Build.0 = Release|Any CPU
		{2AA99BD9-1824-4250-AD49-B88AB12F9B18}.Release|ARM.ActiveCfg = Release|Any CPU
		{2AA99BD9-1824-4250-AD49-B88AB12F9B18}.Release|ARM.Build.0 = Release|Any CPU
		{2AA99BD9-1824-4250-AD49-B88AB12F9B18}.Release|iPhone.ActiveCfg = Release|Any CPU
		{2AA99BD9-1824-4250-AD49-B88AB12F9B18}.Release|iPhone.Build.0 = Release|Any CPU
		{2AA99BD9-1824-4250-AD49-B88AB12F9B18}.Release|iPhoneSimulator.ActiveCfg = Release|Any CPU
		{2AA99BD9-1824-4250-AD49-B88AB12F9B18}.Release|iPhoneSimulator.Build.0 = Release|Any CPU
		{2AA99BD9-1824-4250-AD49-B88AB12F9B18}.Release|x64.ActiveCfg = Release|Any CPU
		{2AA99BD9-1824-4250-AD49-B88AB12F9B18}.Release|x64.Build.0 = Release|Any CPU
		{2AA99BD9-1824-4250-AD49-B88AB12F9B18}.Release|x86.ActiveCfg = Release|Any CPU
		{2AA99BD9-1824-4250-AD49-B88AB12F9B18}.Release|x86.Build.0 = Release|Any CPU
		{D6A0746D-4FEB-4AC4-AF15-E68C6BE8C291}.Ad-Hoc|Any CPU.ActiveCfg = Release|Any CPU
		{D6A0746D-4FEB-4AC4-AF15-E68C6BE8C291}.Ad-Hoc|Any CPU.Build.0 = Release|Any CPU
		{D6A0746D-4FEB-4AC4-AF15-E68C6BE8C291}.Ad-Hoc|ARM.ActiveCfg = Release|Any CPU
		{D6A0746D-4FEB-4AC4-AF15-E68C6BE8C291}.Ad-Hoc|ARM.Build.0 = Release|Any CPU
		{D6A0746D-4FEB-4AC4-AF15-E68C6BE8C291}.Ad-Hoc|iPhone.ActiveCfg = Release|Any CPU
		{D6A0746D-4FEB-4AC4-AF15-E68C6BE8C291}.Ad-Hoc|iPhone.Build.0 = Release|Any CPU
		{D6A0746D-4FEB-4AC4-AF15-E68C6BE8C291}.Ad-Hoc|iPhoneSimulator.ActiveCfg = Release|Any CPU
		{D6A0746D-4FEB-4AC4-AF15-E68C6BE8C291}.Ad-Hoc|iPhoneSimulator.Build.0 = Release|Any CPU
		{D6A0746D-4FEB-4AC4-AF15-E68C6BE8C291}.Ad-Hoc|x64.ActiveCfg = Release|Any CPU
		{D6A0746D-4FEB-4AC4-AF15-E68C6BE8C291}.Ad-Hoc|x64.Build.0 = Release|Any CPU
		{D6A0746D-4FEB-4AC4-AF15-E68C6BE8C291}.Ad-Hoc|x86.ActiveCfg = Release|Any CPU
		{D6A0746D-4FEB-4AC4-AF15-E68C6BE8C291}.Ad-Hoc|x86.Build.0 = Release|Any CPU
		{D6A0746D-4FEB-4AC4-AF15-E68C6BE8C291}.AppStore|Any CPU.ActiveCfg = Release|Any CPU
		{D6A0746D-4FEB-4AC4-AF15-E68C6BE8C291}.AppStore|Any CPU.Build.0 = Release|Any CPU
		{D6A0746D-4FEB-4AC4-AF15-E68C6BE8C291}.AppStore|ARM.ActiveCfg = Release|Any CPU
		{D6A0746D-4FEB-4AC4-AF15-E68C6BE8C291}.AppStore|ARM.Build.0 = Release|Any CPU
		{D6A0746D-4FEB-4AC4-AF15-E68C6BE8C291}.AppStore|iPhone.ActiveCfg = Release|Any CPU
		{D6A0746D-4FEB-4AC4-AF15-E68C6BE8C291}.AppStore|iPhone.Build.0 = Release|Any CPU
		{D6A0746D-4FEB-4AC4-AF15-E68C6BE8C291}.AppStore|iPhoneSimulator.ActiveCfg = Release|Any CPU
		{D6A0746D-4FEB-4AC4-AF15-E68C6BE8C291}.AppStore|iPhoneSimulator.Build.0 = Release|Any CPU
		{D6A0746D-4FEB-4AC4-AF15-E68C6BE8C291}.AppStore|x64.ActiveCfg = Release|Any CPU
		{D6A0746D-4FEB-4AC4-AF15-E68C6BE8C291}.AppStore|x64.Build.0 = Release|Any CPU
		{D6A0746D-4FEB-4AC4-AF15-E68C6BE8C291}.AppStore|x86.ActiveCfg = Release|Any CPU
		{D6A0746D-4FEB-4AC4-AF15-E68C6BE8C291}.AppStore|x86.Build.0 = Release|Any CPU
		{D6A0746D-4FEB-4AC4-AF15-E68C6BE8C291}.Debug|Any CPU.ActiveCfg = Debug|Any CPU
		{D6A0746D-4FEB-4AC4-AF15-E68C6BE8C291}.Debug|Any CPU.Build.0 = Debug|Any CPU
		{D6A0746D-4FEB-4AC4-AF15-E68C6BE8C291}.Debug|ARM.ActiveCfg = Debug|Any CPU
		{D6A0746D-4FEB-4AC4-AF15-E68C6BE8C291}.Debug|ARM.Build.0 = Debug|Any CPU
		{D6A0746D-4FEB-4AC4-AF15-E68C6BE8C291}.Debug|iPhone.ActiveCfg = Debug|Any CPU
		{D6A0746D-4FEB-4AC4-AF15-E68C6BE8C291}.Debug|iPhone.Build.0 = Debug|Any CPU
		{D6A0746D-4FEB-4AC4-AF15-E68C6BE8C291}.Debug|iPhoneSimulator.ActiveCfg = Debug|Any CPU
		{D6A0746D-4FEB-4AC4-AF15-E68C6BE8C291}.Debug|iPhoneSimulator.Build.0 = Debug|Any CPU
		{D6A0746D-4FEB-4AC4-AF15-E68C6BE8C291}.Debug|x64.ActiveCfg = Debug|Any CPU
		{D6A0746D-4FEB-4AC4-AF15-E68C6BE8C291}.Debug|x64.Build.0 = Debug|Any CPU
		{D6A0746D-4FEB-4AC4-AF15-E68C6BE8C291}.Debug|x86.ActiveCfg = Debug|Any CPU
		{D6A0746D-4FEB-4AC4-AF15-E68C6BE8C291}.Debug|x86.Build.0 = Debug|Any CPU
		{D6A0746D-4FEB-4AC4-AF15-E68C6BE8C291}.Release|Any CPU.ActiveCfg = Release|Any CPU
		{D6A0746D-4FEB-4AC4-AF15-E68C6BE8C291}.Release|Any CPU.Build.0 = Release|Any CPU
		{D6A0746D-4FEB-4AC4-AF15-E68C6BE8C291}.Release|ARM.ActiveCfg = Release|Any CPU
		{D6A0746D-4FEB-4AC4-AF15-E68C6BE8C291}.Release|ARM.Build.0 = Release|Any CPU
		{D6A0746D-4FEB-4AC4-AF15-E68C6BE8C291}.Release|iPhone.ActiveCfg = Release|Any CPU
		{D6A0746D-4FEB-4AC4-AF15-E68C6BE8C291}.Release|iPhone.Build.0 = Release|Any CPU
		{D6A0746D-4FEB-4AC4-AF15-E68C6BE8C291}.Release|iPhoneSimulator.ActiveCfg = Release|Any CPU
		{D6A0746D-4FEB-4AC4-AF15-E68C6BE8C291}.Release|iPhoneSimulator.Build.0 = Release|Any CPU
		{D6A0746D-4FEB-4AC4-AF15-E68C6BE8C291}.Release|x64.ActiveCfg = Release|Any CPU
		{D6A0746D-4FEB-4AC4-AF15-E68C6BE8C291}.Release|x64.Build.0 = Release|Any CPU
		{D6A0746D-4FEB-4AC4-AF15-E68C6BE8C291}.Release|x86.ActiveCfg = Release|Any CPU
		{D6A0746D-4FEB-4AC4-AF15-E68C6BE8C291}.Release|x86.Build.0 = Release|Any CPU
		{F20B3F0F-183E-491C-B8C8-9EA73016E8FC}.Ad-Hoc|Any CPU.ActiveCfg = Release|Any CPU
		{F20B3F0F-183E-491C-B8C8-9EA73016E8FC}.Ad-Hoc|Any CPU.Build.0 = Release|Any CPU
		{F20B3F0F-183E-491C-B8C8-9EA73016E8FC}.Ad-Hoc|ARM.ActiveCfg = Release|Any CPU
		{F20B3F0F-183E-491C-B8C8-9EA73016E8FC}.Ad-Hoc|ARM.Build.0 = Release|Any CPU
		{F20B3F0F-183E-491C-B8C8-9EA73016E8FC}.Ad-Hoc|iPhone.ActiveCfg = Release|Any CPU
		{F20B3F0F-183E-491C-B8C8-9EA73016E8FC}.Ad-Hoc|iPhone.Build.0 = Release|Any CPU
		{F20B3F0F-183E-491C-B8C8-9EA73016E8FC}.Ad-Hoc|iPhoneSimulator.ActiveCfg = Release|Any CPU
		{F20B3F0F-183E-491C-B8C8-9EA73016E8FC}.Ad-Hoc|iPhoneSimulator.Build.0 = Release|Any CPU
		{F20B3F0F-183E-491C-B8C8-9EA73016E8FC}.Ad-Hoc|x64.ActiveCfg = Release|Any CPU
		{F20B3F0F-183E-491C-B8C8-9EA73016E8FC}.Ad-Hoc|x64.Build.0 = Release|Any CPU
		{F20B3F0F-183E-491C-B8C8-9EA73016E8FC}.Ad-Hoc|x86.ActiveCfg = Release|Any CPU
		{F20B3F0F-183E-491C-B8C8-9EA73016E8FC}.Ad-Hoc|x86.Build.0 = Release|Any CPU
		{F20B3F0F-183E-491C-B8C8-9EA73016E8FC}.AppStore|Any CPU.ActiveCfg = Release|Any CPU
		{F20B3F0F-183E-491C-B8C8-9EA73016E8FC}.AppStore|Any CPU.Build.0 = Release|Any CPU
		{F20B3F0F-183E-491C-B8C8-9EA73016E8FC}.AppStore|ARM.ActiveCfg = Release|Any CPU
		{F20B3F0F-183E-491C-B8C8-9EA73016E8FC}.AppStore|ARM.Build.0 = Release|Any CPU
		{F20B3F0F-183E-491C-B8C8-9EA73016E8FC}.AppStore|iPhone.ActiveCfg = Release|Any CPU
		{F20B3F0F-183E-491C-B8C8-9EA73016E8FC}.AppStore|iPhone.Build.0 = Release|Any CPU
		{F20B3F0F-183E-491C-B8C8-9EA73016E8FC}.AppStore|iPhoneSimulator.ActiveCfg = Release|Any CPU
		{F20B3F0F-183E-491C-B8C8-9EA73016E8FC}.AppStore|iPhoneSimulator.Build.0 = Release|Any CPU
		{F20B3F0F-183E-491C-B8C8-9EA73016E8FC}.AppStore|x64.ActiveCfg = Release|Any CPU
		{F20B3F0F-183E-491C-B8C8-9EA73016E8FC}.AppStore|x64.Build.0 = Release|Any CPU
		{F20B3F0F-183E-491C-B8C8-9EA73016E8FC}.AppStore|x86.ActiveCfg = Release|Any CPU
		{F20B3F0F-183E-491C-B8C8-9EA73016E8FC}.AppStore|x86.Build.0 = Release|Any CPU
		{F20B3F0F-183E-491C-B8C8-9EA73016E8FC}.Debug|Any CPU.ActiveCfg = Debug|Any CPU
		{F20B3F0F-183E-491C-B8C8-9EA73016E8FC}.Debug|Any CPU.Build.0 = Debug|Any CPU
		{F20B3F0F-183E-491C-B8C8-9EA73016E8FC}.Debug|Any CPU.Deploy.0 = Debug|Any CPU
		{F20B3F0F-183E-491C-B8C8-9EA73016E8FC}.Debug|ARM.ActiveCfg = Debug|Any CPU
		{F20B3F0F-183E-491C-B8C8-9EA73016E8FC}.Debug|ARM.Build.0 = Debug|Any CPU
		{F20B3F0F-183E-491C-B8C8-9EA73016E8FC}.Debug|iPhone.ActiveCfg = Debug|Any CPU
		{F20B3F0F-183E-491C-B8C8-9EA73016E8FC}.Debug|iPhone.Build.0 = Debug|Any CPU
		{F20B3F0F-183E-491C-B8C8-9EA73016E8FC}.Debug|iPhoneSimulator.ActiveCfg = Debug|Any CPU
		{F20B3F0F-183E-491C-B8C8-9EA73016E8FC}.Debug|iPhoneSimulator.Build.0 = Debug|Any CPU
		{F20B3F0F-183E-491C-B8C8-9EA73016E8FC}.Debug|x64.ActiveCfg = Debug|Any CPU
		{F20B3F0F-183E-491C-B8C8-9EA73016E8FC}.Debug|x64.Build.0 = Debug|Any CPU
		{F20B3F0F-183E-491C-B8C8-9EA73016E8FC}.Debug|x86.ActiveCfg = Debug|Any CPU
		{F20B3F0F-183E-491C-B8C8-9EA73016E8FC}.Debug|x86.Build.0 = Debug|Any CPU
		{F20B3F0F-183E-491C-B8C8-9EA73016E8FC}.Release|Any CPU.ActiveCfg = Release|Any CPU
		{F20B3F0F-183E-491C-B8C8-9EA73016E8FC}.Release|Any CPU.Build.0 = Release|Any CPU
		{F20B3F0F-183E-491C-B8C8-9EA73016E8FC}.Release|Any CPU.Deploy.0 = Release|Any CPU
		{F20B3F0F-183E-491C-B8C8-9EA73016E8FC}.Release|ARM.ActiveCfg = Release|Any CPU
		{F20B3F0F-183E-491C-B8C8-9EA73016E8FC}.Release|ARM.Build.0 = Release|Any CPU
		{F20B3F0F-183E-491C-B8C8-9EA73016E8FC}.Release|iPhone.ActiveCfg = Release|Any CPU
		{F20B3F0F-183E-491C-B8C8-9EA73016E8FC}.Release|iPhone.Build.0 = Release|Any CPU
		{F20B3F0F-183E-491C-B8C8-9EA73016E8FC}.Release|iPhoneSimulator.ActiveCfg = Release|Any CPU
		{F20B3F0F-183E-491C-B8C8-9EA73016E8FC}.Release|iPhoneSimulator.Build.0 = Release|Any CPU
		{F20B3F0F-183E-491C-B8C8-9EA73016E8FC}.Release|x64.ActiveCfg = Release|Any CPU
		{F20B3F0F-183E-491C-B8C8-9EA73016E8FC}.Release|x64.Build.0 = Release|Any CPU
		{F20B3F0F-183E-491C-B8C8-9EA73016E8FC}.Release|x86.ActiveCfg = Release|Any CPU
		{F20B3F0F-183E-491C-B8C8-9EA73016E8FC}.Release|x86.Build.0 = Release|Any CPU
		{946EFF17-5E76-4157-A415-9332DF675C22}.Ad-Hoc|Any CPU.ActiveCfg = Release|Any CPU
		{946EFF17-5E76-4157-A415-9332DF675C22}.Ad-Hoc|Any CPU.Build.0 = Release|Any CPU
		{946EFF17-5E76-4157-A415-9332DF675C22}.Ad-Hoc|ARM.ActiveCfg = Release|Any CPU
		{946EFF17-5E76-4157-A415-9332DF675C22}.Ad-Hoc|ARM.Build.0 = Release|Any CPU
		{946EFF17-5E76-4157-A415-9332DF675C22}.Ad-Hoc|iPhone.ActiveCfg = Release|Any CPU
		{946EFF17-5E76-4157-A415-9332DF675C22}.Ad-Hoc|iPhone.Build.0 = Release|Any CPU
		{946EFF17-5E76-4157-A415-9332DF675C22}.Ad-Hoc|iPhoneSimulator.ActiveCfg = Release|Any CPU
		{946EFF17-5E76-4157-A415-9332DF675C22}.Ad-Hoc|iPhoneSimulator.Build.0 = Release|Any CPU
		{946EFF17-5E76-4157-A415-9332DF675C22}.Ad-Hoc|x64.ActiveCfg = Release|Any CPU
		{946EFF17-5E76-4157-A415-9332DF675C22}.Ad-Hoc|x64.Build.0 = Release|Any CPU
		{946EFF17-5E76-4157-A415-9332DF675C22}.Ad-Hoc|x86.ActiveCfg = Release|Any CPU
		{946EFF17-5E76-4157-A415-9332DF675C22}.Ad-Hoc|x86.Build.0 = Release|Any CPU
		{946EFF17-5E76-4157-A415-9332DF675C22}.AppStore|Any CPU.ActiveCfg = Release|Any CPU
		{946EFF17-5E76-4157-A415-9332DF675C22}.AppStore|Any CPU.Build.0 = Release|Any CPU
		{946EFF17-5E76-4157-A415-9332DF675C22}.AppStore|ARM.ActiveCfg = Release|Any CPU
		{946EFF17-5E76-4157-A415-9332DF675C22}.AppStore|ARM.Build.0 = Release|Any CPU
		{946EFF17-5E76-4157-A415-9332DF675C22}.AppStore|iPhone.ActiveCfg = Release|Any CPU
		{946EFF17-5E76-4157-A415-9332DF675C22}.AppStore|iPhone.Build.0 = Release|Any CPU
		{946EFF17-5E76-4157-A415-9332DF675C22}.AppStore|iPhoneSimulator.ActiveCfg = Release|Any CPU
		{946EFF17-5E76-4157-A415-9332DF675C22}.AppStore|iPhoneSimulator.Build.0 = Release|Any CPU
		{946EFF17-5E76-4157-A415-9332DF675C22}.AppStore|x64.ActiveCfg = Release|Any CPU
		{946EFF17-5E76-4157-A415-9332DF675C22}.AppStore|x64.Build.0 = Release|Any CPU
		{946EFF17-5E76-4157-A415-9332DF675C22}.AppStore|x86.ActiveCfg = Release|Any CPU
		{946EFF17-5E76-4157-A415-9332DF675C22}.AppStore|x86.Build.0 = Release|Any CPU
		{946EFF17-5E76-4157-A415-9332DF675C22}.Debug|Any CPU.ActiveCfg = Debug|Any CPU
		{946EFF17-5E76-4157-A415-9332DF675C22}.Debug|Any CPU.Build.0 = Debug|Any CPU
		{946EFF17-5E76-4157-A415-9332DF675C22}.Debug|ARM.ActiveCfg = Debug|Any CPU
		{946EFF17-5E76-4157-A415-9332DF675C22}.Debug|ARM.Build.0 = Debug|Any CPU
		{946EFF17-5E76-4157-A415-9332DF675C22}.Debug|iPhone.ActiveCfg = Debug|Any CPU
		{946EFF17-5E76-4157-A415-9332DF675C22}.Debug|iPhone.Build.0 = Debug|Any CPU
		{946EFF17-5E76-4157-A415-9332DF675C22}.Debug|iPhoneSimulator.ActiveCfg = Debug|Any CPU
		{946EFF17-5E76-4157-A415-9332DF675C22}.Debug|iPhoneSimulator.Build.0 = Debug|Any CPU
		{946EFF17-5E76-4157-A415-9332DF675C22}.Debug|x64.ActiveCfg = Debug|Any CPU
		{946EFF17-5E76-4157-A415-9332DF675C22}.Debug|x64.Build.0 = Debug|Any CPU
		{946EFF17-5E76-4157-A415-9332DF675C22}.Debug|x86.ActiveCfg = Debug|Any CPU
		{946EFF17-5E76-4157-A415-9332DF675C22}.Debug|x86.Build.0 = Debug|Any CPU
		{946EFF17-5E76-4157-A415-9332DF675C22}.Release|Any CPU.ActiveCfg = Release|Any CPU
		{946EFF17-5E76-4157-A415-9332DF675C22}.Release|Any CPU.Build.0 = Release|Any CPU
		{946EFF17-5E76-4157-A415-9332DF675C22}.Release|ARM.ActiveCfg = Release|Any CPU
		{946EFF17-5E76-4157-A415-9332DF675C22}.Release|ARM.Build.0 = Release|Any CPU
		{946EFF17-5E76-4157-A415-9332DF675C22}.Release|iPhone.ActiveCfg = Release|Any CPU
		{946EFF17-5E76-4157-A415-9332DF675C22}.Release|iPhone.Build.0 = Release|Any CPU
		{946EFF17-5E76-4157-A415-9332DF675C22}.Release|iPhoneSimulator.ActiveCfg = Release|Any CPU
		{946EFF17-5E76-4157-A415-9332DF675C22}.Release|iPhoneSimulator.Build.0 = Release|Any CPU
		{946EFF17-5E76-4157-A415-9332DF675C22}.Release|x64.ActiveCfg = Release|Any CPU
		{946EFF17-5E76-4157-A415-9332DF675C22}.Release|x64.Build.0 = Release|Any CPU
		{946EFF17-5E76-4157-A415-9332DF675C22}.Release|x86.ActiveCfg = Release|Any CPU
		{946EFF17-5E76-4157-A415-9332DF675C22}.Release|x86.Build.0 = Release|Any CPU
		{A7AB5DA6-23D2-409F-BE5D-604612BE60D4}.Ad-Hoc|Any CPU.ActiveCfg = Release|x64
		{A7AB5DA6-23D2-409F-BE5D-604612BE60D4}.Ad-Hoc|Any CPU.Build.0 = Release|x64
		{A7AB5DA6-23D2-409F-BE5D-604612BE60D4}.Ad-Hoc|Any CPU.Deploy.0 = Release|x64
		{A7AB5DA6-23D2-409F-BE5D-604612BE60D4}.Ad-Hoc|ARM.ActiveCfg = Release|ARM
		{A7AB5DA6-23D2-409F-BE5D-604612BE60D4}.Ad-Hoc|ARM.Build.0 = Release|ARM
		{A7AB5DA6-23D2-409F-BE5D-604612BE60D4}.Ad-Hoc|ARM.Deploy.0 = Release|ARM
		{A7AB5DA6-23D2-409F-BE5D-604612BE60D4}.Ad-Hoc|ARM64.ActiveCfg = Release|ARM64
		{A7AB5DA6-23D2-409F-BE5D-604612BE60D4}.Ad-Hoc|ARM64.Build.0 = Release|ARM64
		{A7AB5DA6-23D2-409F-BE5D-604612BE60D4}.Ad-Hoc|ARM64.Deploy.0 = Release|ARM64
		{A7AB5DA6-23D2-409F-BE5D-604612BE60D4}.Ad-Hoc|iPhone.ActiveCfg = Release|x64
		{A7AB5DA6-23D2-409F-BE5D-604612BE60D4}.Ad-Hoc|iPhone.Build.0 = Release|x64
		{A7AB5DA6-23D2-409F-BE5D-604612BE60D4}.Ad-Hoc|iPhone.Deploy.0 = Release|x64
		{A7AB5DA6-23D2-409F-BE5D-604612BE60D4}.Ad-Hoc|iPhoneSimulator.ActiveCfg = Release|x64
		{A7AB5DA6-23D2-409F-BE5D-604612BE60D4}.Ad-Hoc|iPhoneSimulator.Build.0 = Release|x64
		{A7AB5DA6-23D2-409F-BE5D-604612BE60D4}.Ad-Hoc|iPhoneSimulator.Deploy.0 = Release|x64
		{A7AB5DA6-23D2-409F-BE5D-604612BE60D4}.Ad-Hoc|x64.ActiveCfg = Release|x64
		{A7AB5DA6-23D2-409F-BE5D-604612BE60D4}.Ad-Hoc|x64.Build.0 = Release|x64
		{A7AB5DA6-23D2-409F-BE5D-604612BE60D4}.Ad-Hoc|x64.Deploy.0 = Release|x64
		{A7AB5DA6-23D2-409F-BE5D-604612BE60D4}.Ad-Hoc|x86.ActiveCfg = Release|x86
		{A7AB5DA6-23D2-409F-BE5D-604612BE60D4}.Ad-Hoc|x86.Build.0 = Release|x86
		{A7AB5DA6-23D2-409F-BE5D-604612BE60D4}.Ad-Hoc|x86.Deploy.0 = Release|x86
		{A7AB5DA6-23D2-409F-BE5D-604612BE60D4}.AppStore|Any CPU.ActiveCfg = Release|x64
		{A7AB5DA6-23D2-409F-BE5D-604612BE60D4}.AppStore|Any CPU.Build.0 = Release|x64
		{A7AB5DA6-23D2-409F-BE5D-604612BE60D4}.AppStore|Any CPU.Deploy.0 = Release|x64
		{A7AB5DA6-23D2-409F-BE5D-604612BE60D4}.AppStore|ARM.ActiveCfg = Release|ARM
		{A7AB5DA6-23D2-409F-BE5D-604612BE60D4}.AppStore|ARM.Build.0 = Release|ARM
		{A7AB5DA6-23D2-409F-BE5D-604612BE60D4}.AppStore|ARM.Deploy.0 = Release|ARM
		{A7AB5DA6-23D2-409F-BE5D-604612BE60D4}.AppStore|ARM64.ActiveCfg = Release|ARM64
		{A7AB5DA6-23D2-409F-BE5D-604612BE60D4}.AppStore|ARM64.Build.0 = Release|ARM64
		{A7AB5DA6-23D2-409F-BE5D-604612BE60D4}.AppStore|ARM64.Deploy.0 = Release|ARM64
		{A7AB5DA6-23D2-409F-BE5D-604612BE60D4}.AppStore|iPhone.ActiveCfg = Release|x64
		{A7AB5DA6-23D2-409F-BE5D-604612BE60D4}.AppStore|iPhone.Build.0 = Release|x64
		{A7AB5DA6-23D2-409F-BE5D-604612BE60D4}.AppStore|iPhone.Deploy.0 = Release|x64
		{A7AB5DA6-23D2-409F-BE5D-604612BE60D4}.AppStore|iPhoneSimulator.ActiveCfg = Release|x64
		{A7AB5DA6-23D2-409F-BE5D-604612BE60D4}.AppStore|iPhoneSimulator.Build.0 = Release|x64
		{A7AB5DA6-23D2-409F-BE5D-604612BE60D4}.AppStore|iPhoneSimulator.Deploy.0 = Release|x64
		{A7AB5DA6-23D2-409F-BE5D-604612BE60D4}.AppStore|x64.ActiveCfg = Release|x64
		{A7AB5DA6-23D2-409F-BE5D-604612BE60D4}.AppStore|x64.Build.0 = Release|x64
		{A7AB5DA6-23D2-409F-BE5D-604612BE60D4}.AppStore|x64.Deploy.0 = Release|x64
		{A7AB5DA6-23D2-409F-BE5D-604612BE60D4}.AppStore|x86.ActiveCfg = Release|x86
		{A7AB5DA6-23D2-409F-BE5D-604612BE60D4}.AppStore|x86.Build.0 = Release|x86
		{A7AB5DA6-23D2-409F-BE5D-604612BE60D4}.AppStore|x86.Deploy.0 = Release|x86
		{A7AB5DA6-23D2-409F-BE5D-604612BE60D4}.Debug|Any CPU.ActiveCfg = Debug|x86
		{A7AB5DA6-23D2-409F-BE5D-604612BE60D4}.Debug|ARM.ActiveCfg = Debug|ARM
		{A7AB5DA6-23D2-409F-BE5D-604612BE60D4}.Debug|ARM.Build.0 = Debug|ARM
		{A7AB5DA6-23D2-409F-BE5D-604612BE60D4}.Debug|ARM.Deploy.0 = Debug|ARM
		{A7AB5DA6-23D2-409F-BE5D-604612BE60D4}.Debug|ARM64.ActiveCfg = Debug|ARM64
		{A7AB5DA6-23D2-409F-BE5D-604612BE60D4}.Debug|ARM64.Build.0 = Debug|ARM64
		{A7AB5DA6-23D2-409F-BE5D-604612BE60D4}.Debug|ARM64.Deploy.0 = Debug|ARM64
		{A7AB5DA6-23D2-409F-BE5D-604612BE60D4}.Debug|iPhone.ActiveCfg = Debug|x86
		{A7AB5DA6-23D2-409F-BE5D-604612BE60D4}.Debug|iPhoneSimulator.ActiveCfg = Debug|x86
		{A7AB5DA6-23D2-409F-BE5D-604612BE60D4}.Debug|x64.ActiveCfg = Debug|x64
		{A7AB5DA6-23D2-409F-BE5D-604612BE60D4}.Debug|x64.Build.0 = Debug|x64
		{A7AB5DA6-23D2-409F-BE5D-604612BE60D4}.Debug|x64.Deploy.0 = Debug|x64
		{A7AB5DA6-23D2-409F-BE5D-604612BE60D4}.Debug|x86.ActiveCfg = Debug|x86
		{A7AB5DA6-23D2-409F-BE5D-604612BE60D4}.Debug|x86.Build.0 = Debug|x86
		{A7AB5DA6-23D2-409F-BE5D-604612BE60D4}.Debug|x86.Deploy.0 = Debug|x86
		{A7AB5DA6-23D2-409F-BE5D-604612BE60D4}.Release|Any CPU.ActiveCfg = Release|x86
		{A7AB5DA6-23D2-409F-BE5D-604612BE60D4}.Release|ARM.ActiveCfg = Release|ARM
		{A7AB5DA6-23D2-409F-BE5D-604612BE60D4}.Release|ARM.Build.0 = Release|ARM
		{A7AB5DA6-23D2-409F-BE5D-604612BE60D4}.Release|ARM.Deploy.0 = Release|ARM
		{A7AB5DA6-23D2-409F-BE5D-604612BE60D4}.Release|ARM64.ActiveCfg = Release|ARM64
		{A7AB5DA6-23D2-409F-BE5D-604612BE60D4}.Release|ARM64.Build.0 = Release|ARM64
		{A7AB5DA6-23D2-409F-BE5D-604612BE60D4}.Release|ARM64.Deploy.0 = Release|ARM64
		{A7AB5DA6-23D2-409F-BE5D-604612BE60D4}.Release|iPhone.ActiveCfg = Release|x86
		{A7AB5DA6-23D2-409F-BE5D-604612BE60D4}.Release|iPhoneSimulator.ActiveCfg = Release|x86
		{A7AB5DA6-23D2-409F-BE5D-604612BE60D4}.Release|x64.ActiveCfg = Release|x64
		{A7AB5DA6-23D2-409F-BE5D-604612BE60D4}.Release|x64.Build.0 = Release|x64
		{A7AB5DA6-23D2-409F-BE5D-604612BE60D4}.Release|x64.Deploy.0 = Release|x64
		{A7AB5DA6-23D2-409F-BE5D-604612BE60D4}.Release|x86.ActiveCfg = Release|x86
		{A7AB5DA6-23D2-409F-BE5D-604612BE60D4}.Release|x86.Build.0 = Release|x86
		{A7AB5DA6-23D2-409F-BE5D-604612BE60D4}.Release|x86.Deploy.0 = Release|x86
	EndGlobalSection
	GlobalSection(SolutionProperties) = preSolution
		HideSolutionNode = FALSE
	EndGlobalSection
	GlobalSection(ExtensibilityGlobals) = postSolution
		SolutionGuid = {F6D05029-56B8-4E45-AF2D-0E76295DDBA2}
	EndGlobalSection
EndGlobal
